
Microsoft Visual Studio Solution File, Format Version 12.00
# Visual Studio Version 17
VisualStudioVersion = 17.3.32901.215
MinimumVisualStudioVersion = 10.0.40219.1
Project("{FAE04EC0-301F-11D3-BF4B-00C04F79EFBC}") = "Woto_novoe", "Woto_novoe\Woto_novoe.csproj", "{C760E127-DEC9-492A-8B3D-B9AD4121A5F3}"
EndProject
Global
	GlobalSection(SolutionConfigurationPlatforms) = preSolution
		Debug|Any CPU = Debug|Any CPU
		Release|Any CPU = Release|Any CPU
	EndGlobalSection
	GlobalSection(ProjectConfigurationPlatforms) = postSolution
		{C760E127-DEC9-492A-8B3D-B9AD4121A5F3}.Debug|Any CPU.ActiveCfg = Debug|Any CPU
		{C760E127-DEC9-492A-8B3D-B9AD4121A5F3}.Debug|Any CPU.Build.0 = Debug|Any CPU
		{C760E127-DEC9-492A-8B3D-B9AD4121A5F3}.Release|Any CPU.ActiveCfg = Release|Any CPU
		{C760E127-DEC9-492A-8B3D-B9AD4121A5F3}.Release|Any CPU.Build.0 = Release|Any CPU
	EndGlobalSection
	GlobalSection(SolutionProperties) = preSolution
		HideSolutionNode = FALSE
	EndGlobalSection
	GlobalSection(ExtensibilityGlobals) = postSolution
		SolutionGuid = {C49FA309-02DD-45F5-A40B-11C4F3588DAE}
	EndGlobalSection
EndGlobal
